{
  "name": "max-element",
  "version": "1.0.1",
  "lockfileVersion": 3,
  "requires": true,
  "packages": {
    "": {
      "name": "max-element",
      "version": "1.0.1",
      "license": "ISC",
      "dependencies": {
        "max-element": "^1.0.1"
      }
    },
    "node_modules/max-element": {
      "version": "1.0.1",
      "resolved": "https://registry.npmjs.org/max-element/-/max-element-1.0.1.tgz",
      "integrity": "sha512-EwL2jSLW5pkeKD46y30NSLqjDPEKwd5boVsal2TpkepP8OBAQVcKzLhIAS2tkbeRxazfX9g7eImSnvF6m9T8dA==",
      "license": "ISC"
    }
  }
}
